
Microsoft Visual Studio Solution File, Format Version 12.00
# Visual Studio 2012
Project("{FAE04EC0-301F-11D3-BF4B-00C04F79EFBC}") = "Indiv4", "Indiv4\Indiv4.csproj", "{853F1030-5CEC-4554-8C95-F3FAAEB4B23B}"
EndProject
Global
	GlobalSection(SolutionConfigurationPlatforms) = preSolution
		Debug|Any CPU = Debug|Any CPU
		Release|Any CPU = Release|Any CPU
	EndGlobalSection
	GlobalSection(ProjectConfigurationPlatforms) = postSolution
		{853F1030-5CEC-4554-8C95-F3FAAEB4B23B}.Debug|Any CPU.ActiveCfg = Debug|Any CPU
		{853F1030-5CEC-4554-8C95-F3FAAEB4B23B}.Debug|Any CPU.Build.0 = Debug|Any CPU
		{853F1030-5CEC-4554-8C95-F3FAAEB4B23B}.Release|Any CPU.ActiveCfg = Release|Any CPU
		{853F1030-5CEC-4554-8C95-F3FAAEB4B23B}.Release|Any CPU.Build.0 = Release|Any CPU
	EndGlobalSection
	GlobalSection(SolutionProperties) = preSolution
		HideSolutionNode = FALSE
	EndGlobalSection
EndGlobal
