
Microsoft Visual Studio Solution File, Format Version 12.00
# Visual Studio 2012
Project("{FAE04EC0-301F-11D3-BF4B-00C04F79EFBC}") = "ImageProc2", "ImageProc2\ImageProc2.csproj", "{589179F6-33C7-47A2-ACA3-EC4174AB8581}"
EndProject
Global
	GlobalSection(SolutionConfigurationPlatforms) = preSolution
		Debug|Any CPU = Debug|Any CPU
		Release|Any CPU = Release|Any CPU
	EndGlobalSection
	GlobalSection(ProjectConfigurationPlatforms) = postSolution
		{589179F6-33C7-47A2-ACA3-EC4174AB8581}.Debug|Any CPU.ActiveCfg = Debug|Any CPU
		{589179F6-33C7-47A2-ACA3-EC4174AB8581}.Debug|Any CPU.Build.0 = Debug|Any CPU
		{589179F6-33C7-47A2-ACA3-EC4174AB8581}.Release|Any CPU.ActiveCfg = Release|Any CPU
		{589179F6-33C7-47A2-ACA3-EC4174AB8581}.Release|Any CPU.Build.0 = Release|Any CPU
	EndGlobalSection
	GlobalSection(SolutionProperties) = preSolution
		HideSolutionNode = FALSE
	EndGlobalSection
EndGlobal
